<?xml version="1.0" encoding="utf-8"?>
<Project ToolsVersion="4.0" xmlns="http://schemas.microsoft.com/developer/msbuild/2003">
  <ItemGroup>
    <ClCompile Include="StormFixedBlockAllocator.cpp" />
    <ClCompile Include="StormHttpBodyReader.cpp" />
    <ClCompile Include="StormHttpHeaderValues.cpp" />
    <ClCompile Include="StormHttpRequestReader.cpp" />
    <ClCompile Include="StormHttpRequestWriter.cpp" />
    <ClCompile Include="StormHttpResponseReader.cpp" />
    <ClCompile Include="StormHttpResponseWriter.cpp" />
    <ClCompile Include="StormMessageHeaderReader.cpp" />
    <ClCompile Include="StormMessageHeaderValues.cpp" />
    <ClCompile Include="StormMessageReaderCursor.cpp" />
    <ClCompile Include="StormMessageWriter.cpp" />
    <ClCompile Include="StormProfiling.cpp" />
    <ClCompile Include="StormSemaphore.cpp" />
    <ClCompile Include="StormSha1.cpp" />
    <ClCompile Include="StormSocketBackend.cpp" />
    <ClCompile Include="StormSocketBuffer.cpp" />
    <ClCompile Include="StormSocketClientFrontendHttp.cpp" />
    <ClCompile Include="StormSocketClientFrontendWebsocket.cpp" />
    <ClCompile Include="StormSocketConnectionId.cpp" />
    <ClCompile Include="StormSocketFrontendBase.cpp" />
    <ClCompile Include="StormSocketFrontendHttpBase.cpp" />
    <ClCompile Include="StormSocketFrontendWebsocketBase.cpp" />
    <ClCompile Include="StormSocketServerFrontendHttp.cpp" />
    <ClCompile Include="StormSocketServerFrontendWebsocket.cpp" />
    <ClCompile Include="StormSocketServerWebsocket.cpp" />
    <ClCompile Include="StormWebsocketHeaderValues.cpp" />
    <ClCompile Include="StormWebsocketMessageReader.cpp" />
    <ClCompile Include="StormWebsocketMessageWriter.cpp" />
    <ClCompile Include="StormUrlUtil.cpp" />
    <ClCompile Include="StormMessageReaderUtil.cpp" />
    <ClCompile Include="StormSocketLog.cpp" />
  </ItemGroup>
  <ItemGroup>
    <ClInclude Include="StormFixedBlockAllocator.h" />
    <ClInclude Include="StormGenIndex.h" />
    <ClInclude Include="StormHttpBodyReader.h" />
    <ClInclude Include="StormHttpHeaderValues.h" />
    <ClInclude Include="StormHttpRequestReader.h" />
    <ClInclude Include="StormHttpRequestWriter.h" />
    <ClInclude Include="StormHttpResponseReader.h" />
    <ClInclude Include="StormHttpResponseWriter.h" />
    <ClInclude Include="StormMemOps.h" />
    <ClInclude Include="StormMessageHeaderReader.h" />
    <ClInclude Include="StormMessageHeaderValues.h" />
    <ClInclude Include="StormMessageQueue.h" />
    <ClInclude Include="StormMessageReaderCursor.h" />
    <ClInclude Include="StormMessageReaderData.h" />
    <ClInclude Include="StormMessageWriter.h" />
    <ClInclude Include="StormProfiling.h" />
    <ClInclude Include="StormSemaphore.h" />
    <ClInclude Include="StormSha1.h" />
    <ClInclude Include="StormSocketBackend.h" />
    <ClInclude Include="StormSocketBuffer.h" />
    <ClInclude Include="StormSocketClientFrontendHttp.h" />
    <ClInclude Include="StormSocketClientFrontendWebsocket.h" />
    <ClInclude Include="StormSocketConnection.h" />
    <ClInclude Include="StormSocketConnectionHttp.h" />
    <ClInclude Include="StormSocketConnectionId.h" />
    <ClInclude Include="StormSocketConnectionWebsocket.h" />
    <ClInclude Include="StormSocketFrontend.h" />
    <ClInclude Include="StormSocketFrontendBase.h" />
    <ClInclude Include="StormSocketFrontendHttpBase.h" />
    <ClInclude Include="StormSocketFrontendWebsocketBase.h" />
    <ClInclude Include="StormSocketIOOperation.h" />
    <ClInclude Include="StormSocketServerFrontendHttp.h" />
    <ClInclude Include="StormSocketServerFrontendWebsocket.h" />
    <ClInclude Include="StormSocketServerTypes.h" />
    <ClInclude Include="StormSocketServerWebsocket.h" />
    <ClInclude Include="StormWebsocketHeaderValues.h" />
    <ClInclude Include="StormWebsocketMessageReader.h" />
    <ClInclude Include="StormWebsocketMessageWriter.h" />
    <ClInclude Include="StormSocketRequest.h" />
    <ClInclude Include="StormUrlUtil.h" />
    <ClInclude Include="StormMessageReaderUtil.h" />
    <ClInclude Include="StormSocketLog.h" />
  </ItemGroup>
</Project>